// !$*UTF8*$!
{
	archiveVersion = 1;
	classes = {
	};
	objectVersion = 56;
	objects = {

/* Begin PBXBuildFile section */
		2C4274D3292A65C90072C5F5 /* CharctersServiceTests.swift in Sources */ = {isa = PBXBuildFile; fileRef = 2C4274D2292A65C90072C5F5 /* CharctersServiceTests.swift */; };
		2C44E11E290AF28100FD979E /* RickAndMortyApp.swift in Sources */ = {isa = PBXBuildFile; fileRef = 2C44E11D290AF28100FD979E /* RickAndMortyApp.swift */; };
		2C44E120290AF28100FD979E /* CharactersListView.swift in Sources */ = {isa = PBXBuildFile; fileRef = 2C44E11F290AF28100FD979E /* CharactersListView.swift */; };
		2C44E122290AF28200FD979E /* Assets.xcassets in Resources */ = {isa = PBXBuildFile; fileRef = 2C44E121290AF28200FD979E /* Assets.xcassets */; };
		2C44E126290AF28200FD979E /* Preview Assets.xcassets in Resources */ = {isa = PBXBuildFile; fileRef = 2C44E125290AF28200FD979E /* Preview Assets.xcassets */; };
		2C44E13A290AF28300FD979E /* RickAndMortyUITests.swift in Sources */ = {isa = PBXBuildFile; fileRef = 2C44E139290AF28300FD979E /* RickAndMortyUITests.swift */; };
		2C44E13C290AF28300FD979E /* RickAndMortyUITestsLaunchTests.swift in Sources */ = {isa = PBXBuildFile; fileRef = 2C44E13B290AF28300FD979E /* RickAndMortyUITestsLaunchTests.swift */; };
		2C44E14A290AF2BD00FD979E /* CharactersService.swift in Sources */ = {isa = PBXBuildFile; fileRef = 2C44E149290AF2BD00FD979E /* CharactersService.swift */; };
		2C44E14C290AF3D900FD979E /* PaginatedDataRepository.swift in Sources */ = {isa = PBXBuildFile; fileRef = 2C44E14B290AF3D900FD979E /* PaginatedDataRepository.swift */; };
		2C44E14E290AF4B300FD979E /* CharacterDto.swift in Sources */ = {isa = PBXBuildFile; fileRef = 2C44E14D290AF4B300FD979E /* CharacterDto.swift */; };
		2C46F776291AE52B0046EF21 /* Character.swift in Sources */ = {isa = PBXBuildFile; fileRef = 2C46F775291AE52B0046EF21 /* Character.swift */; };
		2C46F782291AEA120046EF21 /* CharacterDetailView.swift in Sources */ = {isa = PBXBuildFile; fileRef = 2C46F781291AEA110046EF21 /* CharacterDetailView.swift */; };
		2C46F784291AEA1C0046EF21 /* CharacterDetailVM.swift in Sources */ = {isa = PBXBuildFile; fileRef = 2C46F783291AEA1C0046EF21 /* CharacterDetailVM.swift */; };
		2C4F5FD6291EC9FC00AAD7CC /* API.swift in Sources */ = {isa = PBXBuildFile; fileRef = 2C4F5FD5291EC9FC00AAD7CC /* API.swift */; };
		2C4F5FD8291ECA4D00AAD7CC /* CharacterVM.swift in Sources */ = {isa = PBXBuildFile; fileRef = 2C4F5FD7291ECA4D00AAD7CC /* CharacterVM.swift */; };
		2C8C0794291AF4650075A9B8 /* CachedAsyncImage in Frameworks */ = {isa = PBXBuildFile; productRef = 2C8C0793291AF4650075A9B8 /* CachedAsyncImage */; };
		2CC409C9291042A3002971B0 /* CharactersListVM.swift in Sources */ = {isa = PBXBuildFile; fileRef = 2CC409C8291042A3002971B0 /* CharactersListVM.swift */; };
		2CC409CB291045EF002971B0 /* Preview_CharactersListVM.swift in Sources */ = {isa = PBXBuildFile; fileRef = 2CC409CA291045EF002971B0 /* Preview_CharactersListVM.swift */; };
		2CE9DD3C292586AC00BC610B /* Preview_CharacterDetailVM.swift in Sources */ = {isa = PBXBuildFile; fileRef = 2CE9DD3B292586AC00BC610B /* Preview_CharacterDetailVM.swift */; };
/* End PBXBuildFile section */

/* Begin PBXContainerItemProxy section */
		2C44E12C290AF28300FD979E /* PBXContainerItemProxy */ = {
			isa = PBXContainerItemProxy;
			containerPortal = 2C44E112290AF28100FD979E /* Project object */;
			proxyType = 1;
			remoteGlobalIDString = 2C44E119290AF28100FD979E;
			remoteInfo = RickAndMorty;
		};
		2C44E136290AF28300FD979E /* PBXContainerItemProxy */ = {
			isa = PBXContainerItemProxy;
			containerPortal = 2C44E112290AF28100FD979E /* Project object */;
			proxyType = 1;
			remoteGlobalIDString = 2C44E119290AF28100FD979E;
			remoteInfo = RickAndMorty;
		};
/* End PBXContainerItemProxy section */

/* Begin PBXFileReference section */
		2C4274D2292A65C90072C5F5 /* CharctersServiceTests.swift */ = {isa = PBXFileReference; lastKnownFileType = sourcecode.swift; path = CharctersServiceTests.swift; sourceTree = "<group>"; };
		2C44E11A290AF28100FD979E /* RickAndMorty.app */ = {isa = PBXFileReference; explicitFileType = wrapper.application; includeInIndex = 0; path = RickAndMorty.app; sourceTree = BUILT_PRODUCTS_DIR; };
		2C44E11D290AF28100FD979E /* RickAndMortyApp.swift */ = {isa = PBXFileReference; lastKnownFileType = sourcecode.swift; path = RickAndMortyApp.swift; sourceTree = "<group>"; };
		2C44E11F290AF28100FD979E /* CharactersListView.swift */ = {isa = PBXFileReference; lastKnownFileType = sourcecode.swift; path = CharactersListView.swift; sourceTree = "<group>"; };
		2C44E121290AF28200FD979E /* Assets.xcassets */ = {isa = PBXFileReference; lastKnownFileType = folder.assetcatalog; path = Assets.xcassets; sourceTree = "<group>"; };
		2C44E123290AF28200FD979E /* RickAndMorty.entitlements */ = {isa = PBXFileReference; lastKnownFileType = text.plist.entitlements; path = RickAndMorty.entitlements; sourceTree = "<group>"; };
		2C44E125290AF28200FD979E /* Preview Assets.xcassets */ = {isa = PBXFileReference; lastKnownFileType = folder.assetcatalog; path = "Preview Assets.xcassets"; sourceTree = "<group>"; };
		2C44E12B290AF28300FD979E /* RickAndMortyTests.xctest */ = {isa = PBXFileReference; explicitFileType = wrapper.cfbundle; includeInIndex = 0; path = RickAndMortyTests.xctest; sourceTree = BUILT_PRODUCTS_DIR; };
		2C44E135290AF28300FD979E /* RickAndMortyUITests.xctest */ = {isa = PBXFileReference; explicitFileType = wrapper.cfbundle; includeInIndex = 0; path = RickAndMortyUITests.xctest; sourceTree = BUILT_PRODUCTS_DIR; };
		2C44E139290AF28300FD979E /* RickAndMortyUITests.swift */ = {isa = PBXFileReference; lastKnownFileType = sourcecode.swift; path = RickAndMortyUITests.swift; sourceTree = "<group>"; };
		2C44E13B290AF28300FD979E /* RickAndMortyUITestsLaunchTests.swift */ = {isa = PBXFileReference; lastKnownFileType = sourcecode.swift; path = RickAndMortyUITestsLaunchTests.swift; sourceTree = "<group>"; };
		2C44E149290AF2BD00FD979E /* CharactersService.swift */ = {isa = PBXFileReference; lastKnownFileType = sourcecode.swift; path = CharactersService.swift; sourceTree = "<group>"; };
		2C44E14B290AF3D900FD979E /* PaginatedDataRepository.swift */ = {isa = PBXFileReference; lastKnownFileType = sourcecode.swift; path = PaginatedDataRepository.swift; sourceTree = "<group>"; };
		2C44E14D290AF4B300FD979E /* CharacterDto.swift */ = {isa = PBXFileReference; lastKnownFileType = sourcecode.swift; path = CharacterDto.swift; sourceTree = "<group>"; };
		2C46F775291AE52B0046EF21 /* Character.swift */ = {isa = PBXFileReference; lastKnownFileType = sourcecode.swift; path = Character.swift; sourceTree = "<group>"; };
		2C46F781291AEA110046EF21 /* CharacterDetailView.swift */ = {isa = PBXFileReference; lastKnownFileType = sourcecode.swift; path = CharacterDetailView.swift; sourceTree = "<group>"; };
		2C46F783291AEA1C0046EF21 /* CharacterDetailVM.swift */ = {isa = PBXFileReference; lastKnownFileType = sourcecode.swift; path = CharacterDetailVM.swift; sourceTree = "<group>"; };
		2C4F5FD5291EC9FC00AAD7CC /* API.swift */ = {isa = PBXFileReference; lastKnownFileType = sourcecode.swift; path = API.swift; sourceTree = "<group>"; };
		2C4F5FD7291ECA4D00AAD7CC /* CharacterVM.swift */ = {isa = PBXFileReference; lastKnownFileType = sourcecode.swift; path = CharacterVM.swift; sourceTree = "<group>"; };
		2CC409C8291042A3002971B0 /* CharactersListVM.swift */ = {isa = PBXFileReference; lastKnownFileType = sourcecode.swift; path = CharactersListVM.swift; sourceTree = "<group>"; };
		2CC409CA291045EF002971B0 /* Preview_CharactersListVM.swift */ = {isa = PBXFileReference; lastKnownFileType = sourcecode.swift; path = Preview_CharactersListVM.swift; sourceTree = "<group>"; };
		2CE9DD3B292586AC00BC610B /* Preview_CharacterDetailVM.swift */ = {isa = PBXFileReference; lastKnownFileType = sourcecode.swift; path = Preview_CharacterDetailVM.swift; sourceTree = "<group>"; };
/* End PBXFileReference section */

/* Begin PBXFrameworksBuildPhase section */
		2C44E117290AF28100FD979E /* Frameworks */ = {
			isa = PBXFrameworksBuildPhase;
			buildActionMask = 2147483647;
			files = (
				2C8C0794291AF4650075A9B8 /* CachedAsyncImage in Frameworks */,
			);
			runOnlyForDeploymentPostprocessing = 0;
		};
		2C44E128290AF28300FD979E /* Frameworks */ = {
			isa = PBXFrameworksBuildPhase;
			buildActionMask = 2147483647;
			files = (
			);
			runOnlyForDeploymentPostprocessing = 0;
		};
		2C44E132290AF28300FD979E /* Frameworks */ = {
			isa = PBXFrameworksBuildPhase;
			buildActionMask = 2147483647;
			files = (
			);
			runOnlyForDeploymentPostprocessing = 0;
		};
/* End PBXFrameworksBuildPhase section */

/* Begin PBXGroup section */
		2C44E111290AF28100FD979E = {
			isa = PBXGroup;
			children = (
				2C44E11C290AF28100FD979E /* RickAndMorty */,
				2C44E12E290AF28300FD979E /* RickAndMortyTests */,
				2C44E138290AF28300FD979E /* RickAndMortyUITests */,
				2C44E11B290AF28100FD979E /* Products */,
			);
			sourceTree = "<group>";
		};
		2C44E11B290AF28100FD979E /* Products */ = {
			isa = PBXGroup;
			children = (
				2C44E11A290AF28100FD979E /* RickAndMorty.app */,
				2C44E12B290AF28300FD979E /* RickAndMortyTests.xctest */,
				2C44E135290AF28300FD979E /* RickAndMortyUITests.xctest */,
			);
			name = Products;
			sourceTree = "<group>";
		};
		2C44E11C290AF28100FD979E /* RickAndMorty */ = {
			isa = PBXGroup;
			children = (
				2C44E123290AF28200FD979E /* RickAndMorty.entitlements */,
				2C44E11D290AF28100FD979E /* RickAndMortyApp.swift */,
				2C46F772291AE2CC0046EF21 /* CharacterDetail */,
				2C46F771291AE2C40046EF21 /* CharactersList */,
				2C44E121290AF28200FD979E /* Assets.xcassets */,
				2C44E124290AF28200FD979E /* Preview Content */,
				2C4F5FD5291EC9FC00AAD7CC /* API.swift */,
			);
			path = RickAndMorty;
			sourceTree = "<group>";
		};
		2C44E124290AF28200FD979E /* Preview Content */ = {
			isa = PBXGroup;
			children = (
				2C44E125290AF28200FD979E /* Preview Assets.xcassets */,
			);
			path = "Preview Content";
			sourceTree = "<group>";
		};
		2C44E12E290AF28300FD979E /* RickAndMortyTests */ = {
			isa = PBXGroup;
			children = (
				2C4274D2292A65C90072C5F5 /* CharctersServiceTests.swift */,
			);
			path = RickAndMortyTests;
			sourceTree = "<group>";
		};
		2C44E138290AF28300FD979E /* RickAndMortyUITests */ = {
			isa = PBXGroup;
			children = (
				2C44E139290AF28300FD979E /* RickAndMortyUITests.swift */,
				2C44E13B290AF28300FD979E /* RickAndMortyUITestsLaunchTests.swift */,
			);
			path = RickAndMortyUITests;
			sourceTree = "<group>";
		};
		2C44E148290AF2A400FD979E /* Data */ = {
			isa = PBXGroup;
			children = (
				2C44E14B290AF3D900FD979E /* PaginatedDataRepository.swift */,
				2C44E14D290AF4B300FD979E /* CharacterDto.swift */,
			);
			path = Data;
			sourceTree = "<group>";
		};
		2C44E14F290AF4C100FD979E /* Domain */ = {
			isa = PBXGroup;
			children = (
				2C44E149290AF2BD00FD979E /* CharactersService.swift */,
				2C46F775291AE52B0046EF21 /* Character.swift */,
			);
			path = Domain;
			sourceTree = "<group>";
		};
		2C46F771291AE2C40046EF21 /* CharactersList */ = {
			isa = PBXGroup;
			children = (
				2CC409C7291041AA002971B0 /* Presentation */,
				2C44E14F290AF4C100FD979E /* Domain */,
				2C44E148290AF2A400FD979E /* Data */,
			);
			path = CharactersList;
			sourceTree = "<group>";
		};
		2C46F772291AE2CC0046EF21 /* CharacterDetail */ = {
			isa = PBXGroup;
			children = (
				2C46F778291AE8EB0046EF21 /* Presentation */,
			);
			path = CharacterDetail;
			sourceTree = "<group>";
		};
		2C46F778291AE8EB0046EF21 /* Presentation */ = {
			isa = PBXGroup;
			children = (
				2CE9DD3D2925870300BC610B /* Previews */,
				2C46F781291AEA110046EF21 /* CharacterDetailView.swift */,
				2C46F783291AEA1C0046EF21 /* CharacterDetailVM.swift */,
			);
			path = Presentation;
			sourceTree = "<group>";
		};
		2CC409C7291041AA002971B0 /* Presentation */ = {
			isa = PBXGroup;
			children = (
				2C44E11F290AF28100FD979E /* CharactersListView.swift */,
				2C4F5FD7291ECA4D00AAD7CC /* CharacterVM.swift */,
				2CC409C8291042A3002971B0 /* CharactersListVM.swift */,
				2CC409CC29104ACD002971B0 /* Previews */,
			);
			path = Presentation;
			sourceTree = "<group>";
		};
		2CC409CC29104ACD002971B0 /* Previews */ = {
			isa = PBXGroup;
			children = (
				2CC409CA291045EF002971B0 /* Preview_CharactersListVM.swift */,
			);
			path = Previews;
			sourceTree = "<group>";
		};
		2CE9DD3D2925870300BC610B /* Previews */ = {
			isa = PBXGroup;
			children = (
				2CE9DD3B292586AC00BC610B /* Preview_CharacterDetailVM.swift */,
			);
			path = Previews;
			sourceTree = "<group>";
		};
/* End PBXGroup section */

/* Begin PBXNativeTarget section */
		2C44E119290AF28100FD979E /* RickAndMorty */ = {
			isa = PBXNativeTarget;
			buildConfigurationList = 2C44E13F290AF28300FD979E /* Build configuration list for PBXNativeTarget "RickAndMorty" */;
			buildPhases = (
				2C44E116290AF28100FD979E /* Sources */,
				2C44E117290AF28100FD979E /* Frameworks */,
				2C44E118290AF28100FD979E /* Resources */,
			);
			buildRules = (
			);
			dependencies = (
			);
			name = RickAndMorty;
			packageProductDependencies = (
				2C8C0793291AF4650075A9B8 /* CachedAsyncImage */,
			);
			productName = RickAndMorty;
			productReference = 2C44E11A290AF28100FD979E /* RickAndMorty.app */;
			productType = "com.apple.product-type.application";
		};
		2C44E12A290AF28300FD979E /* RickAndMortyTests */ = {
			isa = PBXNativeTarget;
			buildConfigurationList = 2C44E142290AF28300FD979E /* Build configuration list for PBXNativeTarget "RickAndMortyTests" */;
			buildPhases = (
				2C44E127290AF28300FD979E /* Sources */,
				2C44E128290AF28300FD979E /* Frameworks */,
				2C44E129290AF28300FD979E /* Resources */,
			);
			buildRules = (
			);
			dependencies = (
				2C44E12D290AF28300FD979E /* PBXTargetDependency */,
			);
			name = RickAndMortyTests;
			productName = RickAndMortyTests;
			productReference = 2C44E12B290AF28300FD979E /* RickAndMortyTests.xctest */;
			productType = "com.apple.product-type.bundle.unit-test";
		};
		2C44E134290AF28300FD979E /* RickAndMortyUITests */ = {
			isa = PBXNativeTarget;
			buildConfigurationList = 2C44E145290AF28300FD979E /* Build configuration list for PBXNativeTarget "RickAndMortyUITests" */;
			buildPhases = (
				2C44E131290AF28300FD979E /* Sources */,
				2C44E132290AF28300FD979E /* Frameworks */,
				2C44E133290AF28300FD979E /* Resources */,
			);
			buildRules = (
			);
			dependencies = (
				2C44E137290AF28300FD979E /* PBXTargetDependency */,
			);
			name = RickAndMortyUITests;
			productName = RickAndMortyUITests;
			productReference = 2C44E135290AF28300FD979E /* RickAndMortyUITests.xctest */;
			productType = "com.apple.product-type.bundle.ui-testing";
		};
/* End PBXNativeTarget section */

/* Begin PBXProject section */
		2C44E112290AF28100FD979E /* Project object */ = {
			isa = PBXProject;
			attributes = {
				BuildIndependentTargetsInParallel = 1;
				LastSwiftUpdateCheck = 1400;
				LastUpgradeCheck = 1400;
				TargetAttributes = {
					2C44E119290AF28100FD979E = {
						CreatedOnToolsVersion = 14.0.1;
					};
					2C44E12A290AF28300FD979E = {
						CreatedOnToolsVersion = 14.0.1;
						TestTargetID = 2C44E119290AF28100FD979E;
					};
					2C44E134290AF28300FD979E = {
						CreatedOnToolsVersion = 14.0.1;
						TestTargetID = 2C44E119290AF28100FD979E;
					};
				};
			};
			buildConfigurationList = 2C44E115290AF28100FD979E /* Build configuration list for PBXProject "RickAndMorty" */;
			compatibilityVersion = "Xcode 14.0";
			developmentRegion = en;
			hasScannedForEncodings = 0;
			knownRegions = (
				en,
				Base,
			);
			mainGroup = 2C44E111290AF28100FD979E;
			packageReferences = (
				2C8C0792291AF4650075A9B8 /* XCRemoteSwiftPackageReference "swiftui-cached-async-image" */,
			);
			productRefGroup = 2C44E11B290AF28100FD979E /* Products */;
			projectDirPath = "";
			projectRoot = "";
			targets = (
				2C44E119290AF28100FD979E /* RickAndMorty */,
				2C44E12A290AF28300FD979E /* RickAndMortyTests */,
				2C44E134290AF28300FD979E /* RickAndMortyUITests */,
			);
		};
/* End PBXProject section */

/* Begin PBXResourcesBuildPhase section */
		2C44E118290AF28100FD979E /* Resources */ = {
			isa = PBXResourcesBuildPhase;
			buildActionMask = 2147483647;
			files = (
				2C44E126290AF28200FD979E /* Preview Assets.xcassets in Resources */,
				2C44E122290AF28200FD979E /* Assets.xcassets in Resources */,
			);
			runOnlyForDeploymentPostprocessing = 0;
		};
		2C44E129290AF28300FD979E /* Resources */ = {
			isa = PBXResourcesBuildPhase;
			buildActionMask = 2147483647;
			files = (
			);
			runOnlyForDeploymentPostprocessing = 0;
		};
		2C44E133290AF28300FD979E /* Resources */ = {
			isa = PBXResourcesBuildPhase;
			buildActionMask = 2147483647;
			files = (
			);
			runOnlyForDeploymentPostprocessing = 0;
		};
/* End PBXResourcesBuildPhase section */

/* Begin PBXSourcesBuildPhase section */
		2C44E116290AF28100FD979E /* Sources */ = {
			isa = PBXSourcesBuildPhase;
			buildActionMask = 2147483647;
			files = (
				2CC409CB291045EF002971B0 /* Preview_CharactersListVM.swift in Sources */,
				2C44E120290AF28100FD979E /* CharactersListView.swift in Sources */,
				2C46F784291AEA1C0046EF21 /* CharacterDetailVM.swift in Sources */,
				2C46F782291AEA120046EF21 /* CharacterDetailView.swift in Sources */,
				2C46F776291AE52B0046EF21 /* Character.swift in Sources */,
				2CE9DD3C292586AC00BC610B /* Preview_CharacterDetailVM.swift in Sources */,
				2C44E14C290AF3D900FD979E /* PaginatedDataRepository.swift in Sources */,
				2C44E14E290AF4B300FD979E /* CharacterDto.swift in Sources */,
				2C44E14A290AF2BD00FD979E /* CharactersService.swift in Sources */,
				2C4F5FD8291ECA4D00AAD7CC /* CharacterVM.swift in Sources */,
				2CC409C9291042A3002971B0 /* CharactersListVM.swift in Sources */,
				2C4F5FD6291EC9FC00AAD7CC /* API.swift in Sources */,
				2C44E11E290AF28100FD979E /* RickAndMortyApp.swift in Sources */,
			);
			runOnlyForDeploymentPostprocessing = 0;
		};
		2C44E127290AF28300FD979E /* Sources */ = {
			isa = PBXSourcesBuildPhase;
			buildActionMask = 2147483647;
			files = (
				2C4274D3292A65C90072C5F5 /* CharctersServiceTests.swift in Sources */,
			);
			runOnlyForDeploymentPostprocessing = 0;
		};
		2C44E131290AF28300FD979E /* Sources */ = {
			isa = PBXSourcesBuildPhase;
			buildActionMask = 2147483647;
			files = (
				2C44E13A290AF28300FD979E /* RickAndMortyUITests.swift in Sources */,
				2C44E13C290AF28300FD979E /* RickAndMortyUITestsLaunchTests.swift in Sources */,
			);
			runOnlyForDeploymentPostprocessing = 0;
		};
/* End PBXSourcesBuildPhase section */

/* Begin PBXTargetDependency section */
		2C44E12D290AF28300FD979E /* PBXTargetDependency */ = {
			isa = PBXTargetDependency;
			target = 2C44E119290AF28100FD979E /* RickAndMorty */;
			targetProxy = 2C44E12C290AF28300FD979E /* PBXContainerItemProxy */;
		};
		2C44E137290AF28300FD979E /* PBXTargetDependency */ = {
			isa = PBXTargetDependency;
			target = 2C44E119290AF28100FD979E /* RickAndMorty */;
			targetProxy = 2C44E136290AF28300FD979E /* PBXContainerItemProxy */;
		};
/* End PBXTargetDependency section */

/* Begin XCBuildConfiguration section */
		2C44E13D290AF28300FD979E /* Debug */ = {
			isa = XCBuildConfiguration;
			buildSettings = {
				ALWAYS_SEARCH_USER_PATHS = NO;
				CLANG_ANALYZER_NONNULL = YES;
				CLANG_ANALYZER_NUMBER_OBJECT_CONVERSION = YES_AGGRESSIVE;
				CLANG_CXX_LANGUAGE_STANDARD = "gnu++20";
				CLANG_ENABLE_MODULES = YES;
				CLANG_ENABLE_OBJC_ARC = YES;
				CLANG_ENABLE_OBJC_WEAK = YES;
				CLANG_WARN_BLOCK_CAPTURE_AUTORELEASING = YES;
				CLANG_WARN_BOOL_CONVERSION = YES;
				CLANG_WARN_COMMA = YES;
				CLANG_WARN_CONSTANT_CONVERSION = YES;
				CLANG_WARN_DEPRECATED_OBJC_IMPLEMENTATIONS = YES;
				CLANG_WARN_DIRECT_OBJC_ISA_USAGE = YES_ERROR;
				CLANG_WARN_DOCUMENTATION_COMMENTS = YES;
				CLANG_WARN_EMPTY_BODY = YES;
				CLANG_WARN_ENUM_CONVERSION = YES;
				CLANG_WARN_INFINITE_RECURSION = YES;
				CLANG_WARN_INT_CONVERSION = YES;
				CLANG_WARN_NON_LITERAL_NULL_CONVERSION = YES;
				CLANG_WARN_OBJC_IMPLICIT_RETAIN_SELF = YES;
				CLANG_WARN_OBJC_LITERAL_CONVERSION = YES;
				CLANG_WARN_OBJC_ROOT_CLASS = YES_ERROR;
				CLANG_WARN_QUOTED_INCLUDE_IN_FRAMEWORK_HEADER = YES;
				CLANG_WARN_RANGE_LOOP_ANALYSIS = YES;
				CLANG_WARN_STRICT_PROTOTYPES = YES;
				CLANG_WARN_SUSPICIOUS_MOVE = YES;
				CLANG_WARN_UNGUARDED_AVAILABILITY = YES_AGGRESSIVE;
				CLANG_WARN_UNREACHABLE_CODE = YES;
				CLANG_WARN__DUPLICATE_METHOD_MATCH = YES;
				COPY_PHASE_STRIP = NO;
				DEBUG_INFORMATION_FORMAT = dwarf;
				ENABLE_STRICT_OBJC_MSGSEND = YES;
				ENABLE_TESTABILITY = YES;
				GCC_C_LANGUAGE_STANDARD = gnu11;
				GCC_DYNAMIC_NO_PIC = NO;
				GCC_NO_COMMON_BLOCKS = YES;
				GCC_OPTIMIZATION_LEVEL = 0;
				GCC_PREPROCESSOR_DEFINITIONS = (
					"DEBUG=1",
					"$(inherited)",
				);
				GCC_WARN_64_TO_32_BIT_CONVERSION = YES;
				GCC_WARN_ABOUT_RETURN_TYPE = YES_ERROR;
				GCC_WARN_UNDECLARED_SELECTOR = YES;
				GCC_WARN_UNINITIALIZED_AUTOS = YES_AGGRESSIVE;
				GCC_WARN_UNUSED_FUNCTION = YES;
				GCC_WARN_UNUSED_VARIABLE = YES;
				MTL_ENABLE_DEBUG_INFO = INCLUDE_SOURCE;
				MTL_FAST_MATH = YES;
				ONLY_ACTIVE_ARCH = YES;
				SWIFT_ACTIVE_COMPILATION_CONDITIONS = DEBUG;
				SWIFT_OPTIMIZATION_LEVEL = "-Onone";
			};
			name = Debug;
		};
		2C44E13E290AF28300FD979E /* Release */ = {
			isa = XCBuildConfiguration;
			buildSettings = {
				ALWAYS_SEARCH_USER_PATHS = NO;
				CLANG_ANALYZER_NONNULL = YES;
				CLANG_ANALYZER_NUMBER_OBJECT_CONVERSION = YES_AGGRESSIVE;
				CLANG_CXX_LANGUAGE_STANDARD = "gnu++20";
				CLANG_ENABLE_MODULES = YES;
				CLANG_ENABLE_OBJC_ARC = YES;
				CLANG_ENABLE_OBJC_WEAK = YES;
				CLANG_WARN_BLOCK_CAPTURE_AUTORELEASING = YES;
				CLANG_WARN_BOOL_CONVERSION = YES;
				CLANG_WARN_COMMA = YES;
				CLANG_WARN_CONSTANT_CONVERSION = YES;
				CLANG_WARN_DEPRECATED_OBJC_IMPLEMENTATIONS = YES;
				CLANG_WARN_DIRECT_OBJC_ISA_USAGE = YES_ERROR;
				CLANG_WARN_DOCUMENTATION_COMMENTS = YES;
				CLANG_WARN_EMPTY_BODY = YES;
				CLANG_WARN_ENUM_CONVERSION = YES;
				CLANG_WARN_INFINITE_RECURSION = YES;
				CLANG_WARN_INT_CONVERSION = YES;
				CLANG_WARN_NON_LITERAL_NULL_CONVERSION = YES;
				CLANG_WARN_OBJC_IMPLICIT_RETAIN_SELF = YES;
				CLANG_WARN_OBJC_LITERAL_CONVERSION = YES;
				CLANG_WARN_OBJC_ROOT_CLASS = YES_ERROR;
				CLANG_WARN_QUOTED_INCLUDE_IN_FRAMEWORK_HEADER = YES;
				CLANG_WARN_RANGE_LOOP_ANALYSIS = YES;
				CLANG_WARN_STRICT_PROTOTYPES = YES;
				CLANG_WARN_SUSPICIOUS_MOVE = YES;
				CLANG_WARN_UNGUARDED_AVAILABILITY = YES_AGGRESSIVE;
				CLANG_WARN_UNREACHABLE_CODE = YES;
				CLANG_WARN__DUPLICATE_METHOD_MATCH = YES;
				COPY_PHASE_STRIP = NO;
				DEBUG_INFORMATION_FORMAT = "dwarf-with-dsym";
				ENABLE_NS_ASSERTIONS = NO;
				ENABLE_STRICT_OBJC_MSGSEND = YES;
				GCC_C_LANGUAGE_STANDARD = gnu11;
				GCC_NO_COMMON_BLOCKS = YES;
				GCC_WARN_64_TO_32_BIT_CONVERSION = YES;
				GCC_WARN_ABOUT_RETURN_TYPE = YES_ERROR;
				GCC_WARN_UNDECLARED_SELECTOR = YES;
				GCC_WARN_UNINITIALIZED_AUTOS = YES_AGGRESSIVE;
				GCC_WARN_UNUSED_FUNCTION = YES;
				GCC_WARN_UNUSED_VARIABLE = YES;
				MTL_ENABLE_DEBUG_INFO = NO;
				MTL_FAST_MATH = YES;
				SWIFT_COMPILATION_MODE = wholemodule;
				SWIFT_OPTIMIZATION_LEVEL = "-O";
			};
			name = Release;
		};
		2C44E140290AF28300FD979E /* Debug */ = {
			isa = XCBuildConfiguration;
			buildSettings = {
				ASSETCATALOG_COMPILER_APPICON_NAME = AppIcon;
				ASSETCATALOG_COMPILER_GLOBAL_ACCENT_COLOR_NAME = AccentColor;
				CODE_SIGN_ENTITLEMENTS = RickAndMorty/RickAndMorty.entitlements;
				CODE_SIGN_STYLE = Automatic;
				CURRENT_PROJECT_VERSION = 1;
				DEVELOPMENT_ASSET_PATHS = "\"RickAndMorty/Preview Content\"";
				ENABLE_PREVIEWS = YES;
				GENERATE_INFOPLIST_FILE = YES;
				"INFOPLIST_KEY_UIApplicationSceneManifest_Generation[sdk=iphoneos*]" = YES;
				"INFOPLIST_KEY_UIApplicationSceneManifest_Generation[sdk=iphonesimulator*]" = YES;
				"INFOPLIST_KEY_UIApplicationSupportsIndirectInputEvents[sdk=iphoneos*]" = YES;
				"INFOPLIST_KEY_UIApplicationSupportsIndirectInputEvents[sdk=iphonesimulator*]" = YES;
				"INFOPLIST_KEY_UILaunchScreen_Generation[sdk=iphoneos*]" = YES;
				"INFOPLIST_KEY_UILaunchScreen_Generation[sdk=iphonesimulator*]" = YES;
				"INFOPLIST_KEY_UIStatusBarStyle[sdk=iphoneos*]" = UIStatusBarStyleDefault;
				"INFOPLIST_KEY_UIStatusBarStyle[sdk=iphonesimulator*]" = UIStatusBarStyleDefault;
				INFOPLIST_KEY_UISupportedInterfaceOrientations_iPad = "UIInterfaceOrientationPortrait UIInterfaceOrientationPortraitUpsideDown UIInterfaceOrientationLandscapeLeft UIInterfaceOrientationLandscapeRight";
				INFOPLIST_KEY_UISupportedInterfaceOrientations_iPhone = "UIInterfaceOrientationPortrait UIInterfaceOrientationLandscapeLeft UIInterfaceOrientationLandscapeRight";
				IPHONEOS_DEPLOYMENT_TARGET = 16.0;
				LD_RUNPATH_SEARCH_PATHS = "@executable_path/Frameworks";
				"LD_RUNPATH_SEARCH_PATHS[sdk=macosx*]" = "@executable_path/../Frameworks";
				MACOSX_DEPLOYMENT_TARGET = 12.3;
				MARKETING_VERSION = 1.0;
				PRODUCT_BUNDLE_IDENTIFIER = com.carloscarrera.RickAndMorty;
				PRODUCT_NAME = "$(TARGET_NAME)";
				SDKROOT = auto;
				SUPPORTED_PLATFORMS = "iphoneos iphonesimulator macosx";
				SWIFT_EMIT_LOC_STRINGS = YES;
				SWIFT_VERSION = 5.0;
				TARGETED_DEVICE_FAMILY = "1,2";
			};
			name = Debug;
		};
		2C44E141290AF28300FD979E /* Release */ = {
			isa = XCBuildConfiguration;
			buildSettings = {
				ASSETCATALOG_COMPILER_APPICON_NAME = AppIcon;
				ASSETCATALOG_COMPILER_GLOBAL_ACCENT_COLOR_NAME = AccentColor;
				CODE_SIGN_ENTITLEMENTS = RickAndMorty/RickAndMorty.entitlements;
				CODE_SIGN_STYLE = Automatic;
				CURRENT_PROJECT_VERSION = 1;
				DEVELOPMENT_ASSET_PATHS = "\"RickAndMorty/Preview Content\"";
				ENABLE_PREVIEWS = YES;
				GENERATE_INFOPLIST_FILE = YES;
				"INFOPLIST_KEY_UIApplicationSceneManifest_Generation[sdk=iphoneos*]" = YES;
				"INFOPLIST_KEY_UIApplicationSceneManifest_Generation[sdk=iphonesimulator*]" = YES;
				"INFOPLIST_KEY_UIApplicationSupportsIndirectInputEvents[sdk=iphoneos*]" = YES;
				"INFOPLIST_KEY_UIApplicationSupportsIndirectInputEvents[sdk=iphonesimulator*]" = YES;
				"INFOPLIST_KEY_UILaunchScreen_Generation[sdk=iphoneos*]" = YES;
				"INFOPLIST_KEY_UILaunchScreen_Generation[sdk=iphonesimulator*]" = YES;
				"INFOPLIST_KEY_UIStatusBarStyle[sdk=iphoneos*]" = UIStatusBarStyleDefault;
				"INFOPLIST_KEY_UIStatusBarStyle[sdk=iphonesimulator*]" = UIStatusBarStyleDefault;
				INFOPLIST_KEY_UISupportedInterfaceOrientations_iPad = "UIInterfaceOrientationPortrait UIInterfaceOrientationPortraitUpsideDown UIInterfaceOrientationLandscapeLeft UIInterfaceOrientationLandscapeRight";
				INFOPLIST_KEY_UISupportedInterfaceOrientations_iPhone = "UIInterfaceOrientationPortrait UIInterfaceOrientationLandscapeLeft UIInterfaceOrientationLandscapeRight";
				IPHONEOS_DEPLOYMENT_TARGET = 16.0;
				LD_RUNPATH_SEARCH_PATHS = "@executable_path/Frameworks";
				"LD_RUNPATH_SEARCH_PATHS[sdk=macosx*]" = "@executable_path/../Frameworks";
				MACOSX_DEPLOYMENT_TARGET = 12.3;
				MARKETING_VERSION = 1.0;
				PRODUCT_BUNDLE_IDENTIFIER = com.carloscarrera.RickAndMorty;
				PRODUCT_NAME = "$(TARGET_NAME)";
				SDKROOT = auto;
				SUPPORTED_PLATFORMS = "iphoneos iphonesimulator macosx";
				SWIFT_EMIT_LOC_STRINGS = YES;
				SWIFT_VERSION = 5.0;
				TARGETED_DEVICE_FAMILY = "1,2";
			};
			name = Release;
		};
		2C44E143290AF28300FD979E /* Debug */ = {
			isa = XCBuildConfiguration;
			buildSettings = {
				ALWAYS_EMBED_SWIFT_STANDARD_LIBRARIES = YES;
				BUNDLE_LOADER = "$(TEST_HOST)";
				CODE_SIGN_STYLE = Automatic;
				CURRENT_PROJECT_VERSION = 1;
				GENERATE_INFOPLIST_FILE = YES;
				IPHONEOS_DEPLOYMENT_TARGET = 16.0;
				MACOSX_DEPLOYMENT_TARGET = 12.3;
				MARKETING_VERSION = 1.0;
				PRODUCT_BUNDLE_IDENTIFIER = com.carloscarrera.RickAndMortyTests;
				PRODUCT_NAME = "$(TARGET_NAME)";
				SDKROOT = auto;
				SUPPORTED_PLATFORMS = "iphoneos iphonesimulator macosx";
				SWIFT_EMIT_LOC_STRINGS = NO;
				SWIFT_VERSION = 5.0;
				TARGETED_DEVICE_FAMILY = "1,2";
				TEST_HOST = "$(BUILT_PRODUCTS_DIR)/RickAndMorty.app/$(BUNDLE_EXECUTABLE_FOLDER_PATH)/RickAndMorty";
			};
			name = Debug;
		};
		2C44E144290AF28300FD979E /* Release */ = {
			isa = XCBuildConfiguration;
			buildSettings = {
				ALWAYS_EMBED_SWIFT_STANDARD_LIBRARIES = YES;
				BUNDLE_LOADER = "$(TEST_HOST)";
				CODE_SIGN_STYLE = Automatic;
				CURRENT_PROJECT_VERSION = 1;
				GENERATE_INFOPLIST_FILE = YES;
				IPHONEOS_DEPLOYMENT_TARGET = 16.0;
				MACOSX_DEPLOYMENT_TARGET = 12.3;
				MARKETING_VERSION = 1.0;
				PRODUCT_BUNDLE_IDENTIFIER = com.carloscarrera.RickAndMortyTests;
				PRODUCT_NAME = "$(TARGET_NAME)";
				SDKROOT = auto;
				SUPPORTED_PLATFORMS = "iphoneos iphonesimulator macosx";
				SWIFT_EMIT_LOC_STRINGS = NO;
				SWIFT_VERSION = 5.0;
				TARGETED_DEVICE_FAMILY = "1,2";
				TEST_HOST = "$(BUILT_PRODUCTS_DIR)/RickAndMorty.app/$(BUNDLE_EXECUTABLE_FOLDER_PATH)/RickAndMorty";
			};
			name = Release;
		};
		2C44E146290AF28300FD979E /* Debug */ = {
			isa = XCBuildConfiguration;
			buildSettings = {
				ALWAYS_EMBED_SWIFT_STANDARD_LIBRARIES = YES;
				CODE_SIGN_STYLE = Automatic;
				CURRENT_PROJECT_VERSION = 1;
				GENERATE_INFOPLIST_FILE = YES;
				IPHONEOS_DEPLOYMENT_TARGET = 16.0;
				MACOSX_DEPLOYMENT_TARGET = 12.3;
				MARKETING_VERSION = 1.0;
				PRODUCT_BUNDLE_IDENTIFIER = com.carloscarrera.RickAndMortyUITests;
				PRODUCT_NAME = "$(TARGET_NAME)";
				SDKROOT = auto;
				SUPPORTED_PLATFORMS = "iphoneos iphonesimulator macosx";
				SWIFT_EMIT_LOC_STRINGS = NO;
				SWIFT_VERSION = 5.0;
				TARGETED_DEVICE_FAMILY = "1,2";
				TEST_TARGET_NAME = RickAndMorty;
			};
			name = Debug;
		};
		2C44E147290AF28300FD979E /* Release */ = {
			isa = XCBuildConfiguration;
			buildSettings = {
				ALWAYS_EMBED_SWIFT_STANDARD_LIBRARIES = YES;
				CODE_SIGN_STYLE = Automatic;
				CURRENT_PROJECT_VERSION = 1;
				GENERATE_INFOPLIST_FILE = YES;
				IPHONEOS_DEPLOYMENT_TARGET = 16.0;
				MACOSX_DEPLOYMENT_TARGET = 12.3;
				MARKETING_VERSION = 1.0;
				PRODUCT_BUNDLE_IDENTIFIER = com.carloscarrera.RickAndMortyUITests;
				PRODUCT_NAME = "$(TARGET_NAME)";
				SDKROOT = auto;
				SUPPORTED_PLATFORMS = "iphoneos iphonesimulator macosx";
				SWIFT_EMIT_LOC_STRINGS = NO;
				SWIFT_VERSION = 5.0;
				TARGETED_DEVICE_FAMILY = "1,2";
				TEST_TARGET_NAME = RickAndMorty;
			};
			name = Release;
		};
/* End XCBuildConfiguration section */

/* Begin XCConfigurationList section */
		2C44E115290AF28100FD979E /* Build configuration list for PBXProject "RickAndMorty" */ = {
			isa = XCConfigurationList;
			buildConfigurations = (
				2C44E13D290AF28300FD979E /* Debug */,
				2C44E13E290AF28300FD979E /* Release */,
			);
			defaultConfigurationIsVisible = 0;
			defaultConfigurationName = Release;
		};
		2C44E13F290AF28300FD979E /* Build configuration list for PBXNativeTarget "RickAndMorty" */ = {
			isa = XCConfigurationList;
			buildConfigurations = (
				2C44E140290AF28300FD979E /* Debug */,
				2C44E141290AF28300FD979E /* Release */,
			);
			defaultConfigurationIsVisible = 0;
			defaultConfigurationName = Release;
		};
		2C44E142290AF28300FD979E /* Build configuration list for PBXNativeTarget "RickAndMortyTests" */ = {
			isa = XCConfigurationList;
			buildConfigurations = (
				2C44E143290AF28300FD979E /* Debug */,
				2C44E144290AF28300FD979E /* Release */,
			);
			defaultConfigurationIsVisible = 0;
			defaultConfigurationName = Release;
		};
		2C44E145290AF28300FD979E /* Build configuration list for PBXNativeTarget "RickAndMortyUITests" */ = {
			isa = XCConfigurationList;
			buildConfigurations = (
				2C44E146290AF28300FD979E /* Debug */,
				2C44E147290AF28300FD979E /* Release */,
			);
			defaultConfigurationIsVisible = 0;
			defaultConfigurationName = Release;
		};
/* End XCConfigurationList section */

/* Begin XCRemoteSwiftPackageReference section */
		2C8C0792291AF4650075A9B8 /* XCRemoteSwiftPackageReference "swiftui-cached-async-image" */ = {
			isa = XCRemoteSwiftPackageReference;
			repositoryURL = "https://github.com/lorenzofiamingo/swiftui-cached-async-image";
			requirement = {
				kind = exactVersion;
				version = 2.1.1;
			};
		};
/* End XCRemoteSwiftPackageReference section */

/* Begin XCSwiftPackageProductDependency section */
		2C8C0793291AF4650075A9B8 /* CachedAsyncImage */ = {
			isa = XCSwiftPackageProductDependency;
			package = 2C8C0792291AF4650075A9B8 /* XCRemoteSwiftPackageReference "swiftui-cached-async-image" */;
			productName = CachedAsyncImage;
		};
/* End XCSwiftPackageProductDependency section */
	};
	rootObject = 2C44E112290AF28100FD979E /* Project object */;
}
